
Microsoft Visual Studio Solution File, Format Version 12.00
# Visual Studio 14
VisualStudioVersion = 14.0.25420.1
MinimumVisualStudioVersion = 10.0.40219.1
Project("{FAE04EC0-301F-11D3-BF4B-00C04F79EFBC}") = "Eaton_DG_PCC", "Eaton_DG_PCC\Eaton_DG_PCC.csproj", "{B301CF7B-933A-4841-B2F9-A54C254C7522}"
EndProject
Global
	GlobalSection(SolutionConfigurationPlatforms) = preSolution
		Debug|Any CPU = Debug|Any CPU
		Release|Any CPU = Release|Any CPU
	EndGlobalSection
	GlobalSection(ProjectConfigurationPlatforms) = postSolution
		{B301CF7B-933A-4841-B2F9-A54C254C7522}.Debug|Any CPU.ActiveCfg = Debug|Any CPU
		{B301CF7B-933A-4841-B2F9-A54C254C7522}.Debug|Any CPU.Build.0 = Debug|Any CPU
		{B301CF7B-933A-4841-B2F9-A54C254C7522}.Release|Any CPU.ActiveCfg = Release|Any CPU
		{B301CF7B-933A-4841-B2F9-A54C254C7522}.Release|Any CPU.Build.0 = Release|Any CPU
	EndGlobalSection
	GlobalSection(SolutionProperties) = preSolution
		HideSolutionNode = FALSE
	EndGlobalSection
EndGlobal
